// !$*UTF8*$!
{
	archiveVersion = 1;
	classes = {
	};
	objectVersion = 46;
	objects = {

/* Begin PBXBuildFile section */
		C0BB60401ACFADE300B7AF13 /* AppDelegate.swift in Sources */ = {isa = PBXBuildFile; fileRef = C0BB603F1ACFADE300B7AF13 /* AppDelegate.swift */; };
		C0BB60421ACFADE300B7AF13 /* ViewController.swift in Sources */ = {isa = PBXBuildFile; fileRef = C0BB60411ACFADE300B7AF13 /* ViewController.swift */; };
		C0BB60451ACFADE300B7AF13 /* Main.storyboard in Resources */ = {isa = PBXBuildFile; fileRef = C0BB60431ACFADE300B7AF13 /* Main.storyboard */; };
		C0BB60471ACFADE300B7AF13 /* Images.xcassets in Resources */ = {isa = PBXBuildFile; fileRef = C0BB60461ACFADE300B7AF13 /* Images.xcassets */; };
		C0BB604A1ACFADE300B7AF13 /* LaunchScreen.xib in Resources */ = {isa = PBXBuildFile; fileRef = C0BB60481ACFADE300B7AF13 /* LaunchScreen.xib */; };
		C0BB60561ACFADE300B7AF13 /* _9Balloons2Tests.swift in Sources */ = {isa = PBXBuildFile; fileRef = C0BB60551ACFADE300B7AF13 /* _9Balloons2Tests.swift */; };
/* End PBXBuildFile section */

/* Begin PBXContainerItemProxy section */
		C0BB60501ACFADE300B7AF13 /* PBXContainerItemProxy */ = {
			isa = PBXContainerItemProxy;
			containerPortal = C0BB60321ACFADE300B7AF13 /* Project object */;
			proxyType = 1;
			remoteGlobalIDString = C0BB60391ACFADE300B7AF13;
			remoteInfo = 99Balloons2;
		};
/* End PBXContainerItemProxy section */

/* Begin PBXFileReference section */
		C0BB603A1ACFADE300B7AF13 /* 99Balloons2.app */ = {isa = PBXFileReference; explicitFileType = wrapper.application; includeInIndex = 0; path = 99Balloons2.app; sourceTree = BUILT_PRODUCTS_DIR; };
		C0BB603E1ACFADE300B7AF13 /* Info.plist */ = {isa = PBXFileReference; lastKnownFileType = text.plist.xml; path = Info.plist; sourceTree = "<group>"; };
		C0BB603F1ACFADE300B7AF13 /* AppDelegate.swift */ = {isa = PBXFileReference; lastKnownFileType = sourcecode.swift; path = AppDelegate.swift; sourceTree = "<group>"; };
		C0BB60411ACFADE300B7AF13 /* ViewController.swift */ = {isa = PBXFileReference; lastKnownFileType = sourcecode.swift; path = ViewController.swift; sourceTree = "<group>"; };
		C0BB60441ACFADE300B7AF13 /* Base */ = {isa = PBXFileReference; lastKnownFileType = file.storyboard; name = Base; path = Base.lproj/Main.storyboard; sourceTree = "<group>"; };
		C0BB60461ACFADE300B7AF13 /* Images.xcassets */ = {isa = PBXFileReference; lastKnownFileType = folder.assetcatalog; path = Images.xcassets; sourceTree = "<group>"; };
		C0BB60491ACFADE300B7AF13 /* Base */ = {isa = PBXFileReference; lastKnownFileType = file.xib; name = Base; path = Base.lproj/LaunchScreen.xib; sourceTree = "<group>"; };
		C0BB604F1ACFADE300B7AF13 /* 99Balloons2Tests.xctest */ = {isa = PBXFileReference; explicitFileType = wrapper.cfbundle; includeInIndex = 0; path = 99Balloons2Tests.xctest; sourceTree = BUILT_PRODUCTS_DIR; };
		C0BB60541ACFADE300B7AF13 /* Info.plist */ = {isa = PBXFileReference; lastKnownFileType = text.plist.xml; path = Info.plist; sourceTree = "<group>"; };
		C0BB60551ACFADE300B7AF13 /* _9Balloons2Tests.swift */ = {isa = PBXFileReference; lastKnownFileType = sourcecode.swift; path = _9Balloons2Tests.swift; sourceTree = "<group>"; };
/* End PBXFileReference section */

/* Begin PBXFrameworksBuildPhase section */
		C0BB60371ACFADE300B7AF13 /* Frameworks */ = {
			isa = PBXFrameworksBuildPhase;
			buildActionMask = 2147483647;
			files = (
			);
			runOnlyForDeploymentPostprocessing = 0;
		};
		C0BB604C1ACFADE300B7AF13 /* Frameworks */ = {
			isa = PBXFrameworksBuildPhase;
			buildActionMask = 2147483647;
			files = (
			);
			runOnlyForDeploymentPostprocessing = 0;
		};
/* End PBXFrameworksBuildPhase section */

/* Begin PBXGroup section */
		C0BB60311ACFADE300B7AF13 = {
			isa = PBXGroup;
			children = (
				C0BB603C1ACFADE300B7AF13 /* 99Balloons2 */,
				C0BB60521ACFADE300B7AF13 /* 99Balloons2Tests */,
				C0BB603B1ACFADE300B7AF13 /* Products */,
			);
			sourceTree = "<group>";
		};
		C0BB603B1ACFADE300B7AF13 /* Products */ = {
			isa = PBXGroup;
			children = (
				C0BB603A1ACFADE300B7AF13 /* 99Balloons2.app */,
				C0BB604F1ACFADE300B7AF13 /* 99Balloons2Tests.xctest */,
			);
			name = Products;
			sourceTree = "<group>";
		};
		C0BB603C1ACFADE300B7AF13 /* 99Balloons2 */ = {
			isa = PBXGroup;
			children = (
				C0BB603F1ACFADE300B7AF13 /* AppDelegate.swift */,
				C0BB60411ACFADE300B7AF13 /* ViewController.swift */,
				C0BB60431ACFADE300B7AF13 /* Main.storyboard */,
				C0BB60461ACFADE300B7AF13 /* Images.xcassets */,
				C0BB60481ACFADE300B7AF13 /* LaunchScreen.xib */,
				C0BB603D1ACFADE300B7AF13 /* Supporting Files */,
			);
			path = 99Balloons2;
			sourceTree = "<group>";
		};
		C0BB603D1ACFADE300B7AF13 /* Supporting Files */ = {
			isa = PBXGroup;
			children = (
				C0BB603E1ACFADE300B7AF13 /* Info.plist */,
			);
			name = "Supporting Files";
			sourceTree = "<group>";
		};
		C0BB60521ACFADE300B7AF13 /* 99Balloons2Tests */ = {
			isa = PBXGroup;
			children = (
				C0BB60551ACFADE300B7AF13 /* _9Balloons2Tests.swift */,
				C0BB60531ACFADE300B7AF13 /* Supporting Files */,
			);
			path = 99Balloons2Tests;
			sourceTree = "<group>";
		};
		C0BB60531ACFADE300B7AF13 /* Supporting Files */ = {
			isa = PBXGroup;
			children = (
				C0BB60541ACFADE300B7AF13 /* Info.plist */,
			);
			name = "Supporting Files";
			sourceTree = "<group>";
		};
/* End PBXGroup section */

/* Begin PBXNativeTarget section */
		C0BB60391ACFADE300B7AF13 /* 99Balloons2 */ = {
			isa = PBXNativeTarget;
			buildConfigurationList = C0BB60591ACFADE300B7AF13 /* Build configuration list for PBXNativeTarget "99Balloons2" */;
			buildPhases = (
				C0BB60361ACFADE300B7AF13 /* Sources */,
				C0BB60371ACFADE300B7AF13 /* Frameworks */,
				C0BB60381ACFADE300B7AF13 /* Resources */,
			);
			buildRules = (
			);
			dependencies = (
			);
			name = 99Balloons2;
			productName = 99Balloons2;
			productReference = C0BB603A1ACFADE300B7AF13 /* 99Balloons2.app */;
			productType = "com.apple.product-type.application";
		};
		C0BB604E1ACFADE300B7AF13 /* 99Balloons2Tests */ = {
			isa = PBXNativeTarget;
			buildConfigurationList = C0BB605C1ACFADE300B7AF13 /* Build configuration list for PBXNativeTarget "99Balloons2Tests" */;
			buildPhases = (
				C0BB604B1ACFADE300B7AF13 /* Sources */,
				C0BB604C1ACFADE300B7AF13 /* Frameworks */,
				C0BB604D1ACFADE300B7AF13 /* Resources */,
			);
			buildRules = (
			);
			dependencies = (
				C0BB60511ACFADE300B7AF13 /* PBXTargetDependency */,
			);
			name = 99Balloons2Tests;
			productName = 99Balloons2Tests;
			productReference = C0BB604F1ACFADE300B7AF13 /* 99Balloons2Tests.xctest */;
			productType = "com.apple.product-type.bundle.unit-test";
		};
/* End PBXNativeTarget section */

/* Begin PBXProject section */
		C0BB60321ACFADE300B7AF13 /* Project object */ = {
			isa = PBXProject;
			attributes = {
				LastUpgradeCheck = 0620;
				ORGANIZATIONNAME = "Daily Dram";
				TargetAttributes = {
					C0BB60391ACFADE300B7AF13 = {
						CreatedOnToolsVersion = 6.2;
					};
					C0BB604E1ACFADE300B7AF13 = {
						CreatedOnToolsVersion = 6.2;
						TestTargetID = C0BB60391ACFADE300B7AF13;
					};
				};
			};
			buildConfigurationList = C0BB60351ACFADE300B7AF13 /* Build configuration list for PBXProject "99Balloons2" */;
			compatibilityVersion = "Xcode 3.2";
			developmentRegion = English;
			hasScannedForEncodings = 0;
			knownRegions = (
				en,
				Base,
			);
			mainGroup = C0BB60311ACFADE300B7AF13;
			productRefGroup = C0BB603B1ACFADE300B7AF13 /* Products */;
			projectDirPath = "";
			projectRoot = "";
			targets = (
				C0BB60391ACFADE300B7AF13 /* 99Balloons2 */,
				C0BB604E1ACFADE300B7AF13 /* 99Balloons2Tests */,
			);
		};
/* End PBXProject section */

/* Begin PBXResourcesBuildPhase section */
		C0BB60381ACFADE300B7AF13 /* Resources */ = {
			isa = PBXResourcesBuildPhase;
			buildActionMask = 2147483647;
			files = (
				C0BB60451ACFADE300B7AF13 /* Main.storyboard in Resources */,
				C0BB604A1ACFADE300B7AF13 /* LaunchScreen.xib in Resources */,
				C0BB60471ACFADE300B7AF13 /* Images.xcassets in Resources */,
			);
			runOnlyForDeploymentPostprocessing = 0;
		};
		C0BB604D1ACFADE300B7AF13 /* Resources */ = {
			isa = PBXResourcesBuildPhase;
			buildActionMask = 2147483647;
			files = (
			);
			runOnlyForDeploymentPostprocessing = 0;
		};
/* End PBXResourcesBuildPhase section */

/* Begin PBXSourcesBuildPhase section */
		C0BB60361ACFADE300B7AF13 /* Sources */ = {
			isa = PBXSourcesBuildPhase;
			buildActionMask = 2147483647;
			files = (
				C0BB60421ACFADE300B7AF13 /* ViewController.swift in Sources */,
				C0BB60401ACFADE300B7AF13 /* AppDelegate.swift in Sources */,
			);
			runOnlyForDeploymentPostprocessing = 0;
		};
		C0BB604B1ACFADE300B7AF13 /* Sources */ = {
			isa = PBXSourcesBuildPhase;
			buildActionMask = 2147483647;
			files = (
				C0BB60561ACFADE300B7AF13 /* _9Balloons2Tests.swift in Sources */,
			);
			runOnlyForDeploymentPostprocessing = 0;
		};
/* End PBXSourcesBuildPhase section */

/* Begin PBXTargetDependency section */
		C0BB60511ACFADE300B7AF13 /* PBXTargetDependency */ = {
			isa = PBXTargetDependency;
			target = C0BB60391ACFADE300B7AF13 /* 99Balloons2 */;
			targetProxy = C0BB60501ACFADE300B7AF13 /* PBXContainerItemProxy */;
		};
/* End PBXTargetDependency section */

/* Begin PBXVariantGroup section */
		C0BB60431ACFADE300B7AF13 /* Main.storyboard */ = {
			isa = PBXVariantGroup;
			children = (
				C0BB60441ACFADE300B7AF13 /* Base */,
			);
			name = Main.storyboard;
			sourceTree = "<group>";
		};
		C0BB60481ACFADE300B7AF13 /* LaunchScreen.xib */ = {
			isa = PBXVariantGroup;
			children = (
				C0BB60491ACFADE300B7AF13 /* Base */,
			);
			name = LaunchScreen.xib;
			sourceTree = "<group>";
		};
/* End PBXVariantGroup section */

/* Begin XCBuildConfiguration section */
		C0BB60571ACFADE300B7AF13 /* Debug */ = {
			isa = XCBuildConfiguration;
			buildSettings = {
				ALWAYS_SEARCH_USER_PATHS = NO;
				CLANG_CXX_LANGUAGE_STANDARD = "gnu++0x";
				CLANG_CXX_LIBRARY = "libc++";
				CLANG_ENABLE_MODULES = YES;
				CLANG_ENABLE_OBJC_ARC = YES;
				CLANG_WARN_BOOL_CONVERSION = YES;
				CLANG_WARN_CONSTANT_CONVERSION = YES;
				CLANG_WARN_DIRECT_OBJC_ISA_USAGE = YES_ERROR;
				CLANG_WARN_EMPTY_BODY = YES;
				CLANG_WARN_ENUM_CONVERSION = YES;
				CLANG_WARN_INT_CONVERSION = YES;
				CLANG_WARN_OBJC_ROOT_CLASS = YES_ERROR;
				CLANG_WARN_UNREACHABLE_CODE = YES;
				CLANG_WARN__DUPLICATE_METHOD_MATCH = YES;
				"CODE_SIGN_IDENTITY[sdk=iphoneos*]" = "iPhone Developer";
				COPY_PHASE_STRIP = NO;
				ENABLE_STRICT_OBJC_MSGSEND = YES;
				GCC_C_LANGUAGE_STANDARD = gnu99;
				GCC_DYNAMIC_NO_PIC = NO;
				GCC_OPTIMIZATION_LEVEL = 0;
				GCC_PREPROCESSOR_DEFINITIONS = (
					"DEBUG=1",
					"$(inherited)",
				);
				GCC_SYMBOLS_PRIVATE_EXTERN = NO;
				GCC_WARN_64_TO_32_BIT_CONVERSION = YES;
				GCC_WARN_ABOUT_RETURN_TYPE = YES_ERROR;
				GCC_WARN_UNDECLARED_SELECTOR = YES;
				GCC_WARN_UNINITIALIZED_AUTOS = YES_AGGRESSIVE;
				GCC_WARN_UNUSED_FUNCTION = YES;
				GCC_WARN_UNUSED_VARIABLE = YES;
				IPHONEOS_DEPLOYMENT_TARGET = 8.2;
				MTL_ENABLE_DEBUG_INFO = YES;
				ONLY_ACTIVE_ARCH = YES;
				SDKROOT = iphoneos;
				SWIFT_OPTIMIZATION_LEVEL = "-Onone";
				TARGETED_DEVICE_FAMILY = "1,2";
			};
			name = Debug;
		};
		C0BB60581ACFADE300B7AF13 /* Release */ = {
			isa = XCBuildConfiguration;
			buildSettings = {
				ALWAYS_SEARCH_USER_PATHS = NO;
				CLANG_CXX_LANGUAGE_STANDARD = "gnu++0x";
				CLANG_CXX_LIBRARY = "libc++";
				CLANG_ENABLE_MODULES = YES;
				CLANG_ENABLE_OBJC_ARC = YES;
				CLANG_WARN_BOOL_CONVERSION = YES;
				CLANG_WARN_CONSTANT_CONVERSION = YES;
				CLANG_WARN_DIRECT_OBJC_ISA_USAGE = YES_ERROR;
				CLANG_WARN_EMPTY_BODY = YES;
				CLANG_WARN_ENUM_CONVERSION = YES;
				CLANG_WARN_INT_CONVERSION = YES;
				CLANG_WARN_OBJC_ROOT_CLASS = YES_ERROR;
				CLANG_WARN_UNREACHABLE_CODE = YES;
				CLANG_WARN__DUPLICATE_METHOD_MATCH = YES;
				"CODE_SIGN_IDENTITY[sdk=iphoneos*]" = "iPhone Developer";
				COPY_PHASE_STRIP = NO;
				ENABLE_NS_ASSERTIONS = NO;
				ENABLE_STRICT_OBJC_MSGSEND = YES;
				GCC_C_LANGUAGE_STANDARD = gnu99;
				GCC_WARN_64_TO_32_BIT_CONVERSION = YES;
				GCC_WARN_ABOUT_RETURN_TYPE = YES_ERROR;
				GCC_WARN_UNDECLARED_SELECTOR = YES;
				GCC_WARN_UNINITIALIZED_AUTOS = YES_AGGRESSIVE;
				GCC_WARN_UNUSED_FUNCTION = YES;
				GCC_WARN_UNUSED_VARIABLE = YES;
				IPHONEOS_DEPLOYMENT_TARGET = 8.2;
				MTL_ENABLE_DEBUG_INFO = NO;
				SDKROOT = iphoneos;
				TARGETED_DEVICE_FAMILY = "1,2";
				VALIDATE_PRODUCT = YES;
			};
			name = Release;
		};
		C0BB605A1ACFADE300B7AF13 /* Debug */ = {
			isa = XCBuildConfiguration;
			buildSettings = {
				ASSETCATALOG_COMPILER_APPICON_NAME = AppIcon;
				INFOPLIST_FILE = 99Balloons2/Info.plist;
				LD_RUNPATH_SEARCH_PATHS = "$(inherited) @executable_path/Frameworks";
				PRODUCT_NAME = "$(TARGET_NAME)";
			};
			name = Debug;
		};
		C0BB605B1ACFADE300B7AF13 /* Release */ = {
			isa = XCBuildConfiguration;
			buildSettings = {
				ASSETCATALOG_COMPILER_APPICON_NAME = AppIcon;
				INFOPLIST_FILE = 99Balloons2/Info.plist;
				LD_RUNPATH_SEARCH_PATHS = "$(inherited) @executable_path/Frameworks";
				PRODUCT_NAME = "$(TARGET_NAME)";
			};
			name = Release;
		};
		C0BB605D1ACFADE300B7AF13 /* Debug */ = {
			isa = XCBuildConfiguration;
			buildSettings = {
				BUNDLE_LOADER = "$(TEST_HOST)";
				FRAMEWORK_SEARCH_PATHS = (
					"$(SDKROOT)/Developer/Library/Frameworks",
					"$(inherited)",
				);
				GCC_PREPROCESSOR_DEFINITIONS = (
					"DEBUG=1",
					"$(inherited)",
				);
				INFOPLIST_FILE = 99Balloons2Tests/Info.plist;
				LD_RUNPATH_SEARCH_PATHS = "$(inherited) @executable_path/Frameworks @loader_path/Frameworks";
				PRODUCT_NAME = "$(TARGET_NAME)";
				TEST_HOST = "$(BUILT_PRODUCTS_DIR)/99Balloons2.app/99Balloons2";
			};
			name = Debug;
		};
		C0BB605E1ACFADE300B7AF13 /* Release */ = {
			isa = XCBuildConfiguration;
			buildSettings = {
				BUNDLE_LOADER = "$(TEST_HOST)";
				FRAMEWORK_SEARCH_PATHS = (
					"$(SDKROOT)/Developer/Library/Frameworks",
					"$(inherited)",
				);
				INFOPLIST_FILE = 99Balloons2Tests/Info.plist;
				LD_RUNPATH_SEARCH_PATHS = "$(inherited) @executable_path/Frameworks @loader_path/Frameworks";
				PRODUCT_NAME = "$(TARGET_NAME)";
				TEST_HOST = "$(BUILT_PRODUCTS_DIR)/99Balloons2.app/99Balloons2";
			};
			name = Release;
		};
/* End XCBuildConfiguration section */

/* Begin XCConfigurationList section */
		C0BB60351ACFADE300B7AF13 /* Build configuration list for PBXProject "99Balloons2" */ = {
			isa = XCConfigurationList;
			buildConfigurations = (
				C0BB60571ACFADE300B7AF13 /* Debug */,
				C0BB60581ACFADE300B7AF13 /* Release */,
			);
			defaultConfigurationIsVisible = 0;
			defaultConfigurationName = Release;
		};
		C0BB60591ACFADE300B7AF13 /* Build configuration list for PBXNativeTarget "99Balloons2" */ = {
			isa = XCConfigurationList;
			buildConfigurations = (
				C0BB605A1ACFADE300B7AF13 /* Debug */,
				C0BB605B1ACFADE300B7AF13 /* Release */,
			);
			defaultConfigurationIsVisible = 0;
		};
		C0BB605C1ACFADE300B7AF13 /* Build configuration list for PBXNativeTarget "99Balloons2Tests" */ = {
			isa = XCConfigurationList;
			buildConfigurations = (
				C0BB605D1ACFADE300B7AF13 /* Debug */,
				C0BB605E1ACFADE300B7AF13 /* Release */,
			);
			defaultConfigurationIsVisible = 0;
		};
/* End XCConfigurationList section */
	};
	rootObject = C0BB60321ACFADE300B7AF13 /* Project object */;
}
